
Microsoft Visual Studio Solution File, Format Version 12.00
# Visual Studio Version 17
VisualStudioVersion = 17.14.36705.20
MinimumVisualStudioVersion = 10.0.40219.1
Project("{FAE04EC0-301F-11D3-BF4B-00C04F79EFBC}") = "Practical.AzureComputerVision", "Practical.AzureComputerVision\Practical.AzureComputerVision.csproj", "{B35FE788-7B40-44B4-BAF8-E0DD5BE6E4E3}"
EndProject
Global
	GlobalSection(SolutionConfigurationPlatforms) = preSolution
		Debug|Any CPU = Debug|Any CPU
		Release|Any CPU = Release|Any CPU
	EndGlobalSection
	GlobalSection(ProjectConfigurationPlatforms) = postSolution
		{B35FE788-7B40-44B4-BAF8-E0DD5BE6E4E3}.Debug|Any CPU.ActiveCfg = Debug|Any CPU
		{B35FE788-7B40-44B4-BAF8-E0DD5BE6E4E3}.Debug|Any CPU.Build.0 = Debug|Any CPU
		{B35FE788-7B40-44B4-BAF8-E0DD5BE6E4E3}.Release|Any CPU.ActiveCfg = Release|Any CPU
		{B35FE788-7B40-44B4-BAF8-E0DD5BE6E4E3}.Release|Any CPU.Build.0 = Release|Any CPU
	EndGlobalSection
	GlobalSection(SolutionProperties) = preSolution
		HideSolutionNode = FALSE
	EndGlobalSection
	GlobalSection(ExtensibilityGlobals) = postSolution
		SolutionGuid = {E244CF28-ECC1-47C7-ADF3-5243915B8B92}
	EndGlobalSection
EndGlobal
