
Microsoft Visual Studio Solution File, Format Version 12.00
# Visual Studio Version 18
VisualStudioVersion = 18.1.11312.151
MinimumVisualStudioVersion = 10.0.40219.1
Project("{FAE04EC0-301F-11D3-BF4B-00C04F79EFBC}") = "Practical.MicrosoftAgentFramework", "Practical.MicrosoftAgentFramework\Practical.MicrosoftAgentFramework.csproj", "{E9616F1E-B7EF-4166-923C-8911D2722947}"
EndProject
Project("{FAE04EC0-301F-11D3-BF4B-00C04F79EFBC}") = "DataIngestion", "DataIngestion\DataIngestion.csproj", "{22DA5E14-5EC5-484F-819C-249C4458FF6B}"
EndProject
Project("{FAE04EC0-301F-11D3-BF4B-00C04F79EFBC}") = "Practical.MicrosoftAgentFramework.Shared", "Practical.MicrosoftAgentFramework.Shared\Practical.MicrosoftAgentFramework.Shared.csproj", "{138772D9-D271-48C7-856B-F69DC178261B}"
EndProject
Global
	GlobalSection(SolutionConfigurationPlatforms) = preSolution
		Debug|Any CPU = Debug|Any CPU
		Release|Any CPU = Release|Any CPU
	EndGlobalSection
	GlobalSection(ProjectConfigurationPlatforms) = postSolution
		{E9616F1E-B7EF-4166-923C-8911D2722947}.Debug|Any CPU.ActiveCfg = Debug|Any CPU
		{E9616F1E-B7EF-4166-923C-8911D2722947}.Debug|Any CPU.Build.0 = Debug|Any CPU
		{E9616F1E-B7EF-4166-923C-8911D2722947}.Release|Any CPU.ActiveCfg = Release|Any CPU
		{E9616F1E-B7EF-4166-923C-8911D2722947}.Release|Any CPU.Build.0 = Release|Any CPU
		{22DA5E14-5EC5-484F-819C-249C4458FF6B}.Debug|Any CPU.ActiveCfg = Debug|Any CPU
		{22DA5E14-5EC5-484F-819C-249C4458FF6B}.Debug|Any CPU.Build.0 = Debug|Any CPU
		{22DA5E14-5EC5-484F-819C-249C4458FF6B}.Release|Any CPU.ActiveCfg = Release|Any CPU
		{22DA5E14-5EC5-484F-819C-249C4458FF6B}.Release|Any CPU.Build.0 = Release|Any CPU
		{138772D9-D271-48C7-856B-F69DC178261B}.Debug|Any CPU.ActiveCfg = Debug|Any CPU
		{138772D9-D271-48C7-856B-F69DC178261B}.Debug|Any CPU.Build.0 = Debug|Any CPU
		{138772D9-D271-48C7-856B-F69DC178261B}.Release|Any CPU.ActiveCfg = Release|Any CPU
		{138772D9-D271-48C7-856B-F69DC178261B}.Release|Any CPU.Build.0 = Release|Any CPU
	EndGlobalSection
	GlobalSection(SolutionProperties) = preSolution
		HideSolutionNode = FALSE
	EndGlobalSection
	GlobalSection(ExtensibilityGlobals) = postSolution
		SolutionGuid = {5A6911BF-DC66-4BFF-96A8-C80E7AE11753}
	EndGlobalSection
EndGlobal
