
Microsoft Visual Studio Solution File, Format Version 12.00
# Visual Studio Version 17
VisualStudioVersion = 17.14.36212.18
MinimumVisualStudioVersion = 10.0.40219.1
Project("{FAE04EC0-301F-11D3-BF4B-00C04F79EFBC}") = "MarkItDownDotNet", "MarkItDownDotNet\MarkItDownDotNet.csproj", "{AAC86630-FF8A-4A1F-ABA3-73FAC4A0A2E3}"
EndProject
Project("{FAE04EC0-301F-11D3-BF4B-00C04F79EFBC}") = "MarkItDownDotNet.Demo", "MarkItDownDotNet.Demo\MarkItDownDotNet.Demo.csproj", "{D91D3B0C-0012-4B48-8289-9D032293BC37}"
EndProject
Project("{FAE04EC0-301F-11D3-BF4B-00C04F79EFBC}") = "MarkItDownDotNet.Installer", "MarkItDownDotNet.Installer\MarkItDownDotNet.Installer.csproj", "{6440D487-C721-40C4-9608-2674692C5216}"
EndProject
Global
	GlobalSection(SolutionConfigurationPlatforms) = preSolution
		Debug|Any CPU = Debug|Any CPU
		Release|Any CPU = Release|Any CPU
	EndGlobalSection
	GlobalSection(ProjectConfigurationPlatforms) = postSolution
		{AAC86630-FF8A-4A1F-ABA3-73FAC4A0A2E3}.Debug|Any CPU.ActiveCfg = Debug|Any CPU
		{AAC86630-FF8A-4A1F-ABA3-73FAC4A0A2E3}.Debug|Any CPU.Build.0 = Debug|Any CPU
		{AAC86630-FF8A-4A1F-ABA3-73FAC4A0A2E3}.Release|Any CPU.ActiveCfg = Release|Any CPU
		{AAC86630-FF8A-4A1F-ABA3-73FAC4A0A2E3}.Release|Any CPU.Build.0 = Release|Any CPU
		{D91D3B0C-0012-4B48-8289-9D032293BC37}.Debug|Any CPU.ActiveCfg = Debug|Any CPU
		{D91D3B0C-0012-4B48-8289-9D032293BC37}.Debug|Any CPU.Build.0 = Debug|Any CPU
		{D91D3B0C-0012-4B48-8289-9D032293BC37}.Release|Any CPU.ActiveCfg = Release|Any CPU
		{D91D3B0C-0012-4B48-8289-9D032293BC37}.Release|Any CPU.Build.0 = Release|Any CPU
		{6440D487-C721-40C4-9608-2674692C5216}.Debug|Any CPU.ActiveCfg = Debug|Any CPU
		{6440D487-C721-40C4-9608-2674692C5216}.Debug|Any CPU.Build.0 = Debug|Any CPU
		{6440D487-C721-40C4-9608-2674692C5216}.Release|Any CPU.ActiveCfg = Release|Any CPU
		{6440D487-C721-40C4-9608-2674692C5216}.Release|Any CPU.Build.0 = Release|Any CPU
	EndGlobalSection
	GlobalSection(SolutionProperties) = preSolution
		HideSolutionNode = FALSE
	EndGlobalSection
	GlobalSection(ExtensibilityGlobals) = postSolution
		SolutionGuid = {B8AA67A9-E37F-4433-9D4D-6797A89B6B49}
	EndGlobalSection
EndGlobal
