Microsoft Visual Studio Solution File, Format Version 12.00
# Visual Studio Version 17
VisualStudioVersion = 17.13.35913.81
MinimumVisualStudioVersion = 10.0.40219.1
Project("{FAE04EC0-301F-11D3-BF4B-00C04F79EFBC}") = "Practical.VideoAnalysers", "Practical.VideoAnalysers\Practical.VideoAnalysers.csproj", "{B03C6732-2DF2-4E50-9462-FA440D57C469}"
EndProject
Global
	GlobalSection(SolutionConfigurationPlatforms) = preSolution
		Debug|Any CPU = Debug|Any CPU
		Release|Any CPU = Release|Any CPU
	EndGlobalSection
	GlobalSection(ProjectConfigurationPlatforms) = postSolution
		{B03C6732-2DF2-4E50-9462-FA440D57C469}.Debug|Any CPU.ActiveCfg = Debug|Any CPU
		{B03C6732-2DF2-4E50-9462-FA440D57C469}.Debug|Any CPU.Build.0 = Debug|Any CPU
		{B03C6732-2DF2-4E50-9462-FA440D57C469}.Release|Any CPU.ActiveCfg = Release|Any CPU
		{B03C6732-2DF2-4E50-9462-FA440D57C469}.Release|Any CPU.Build.0 = Release|Any CPU
	EndGlobalSection
	GlobalSection(SolutionProperties) = preSolution
		HideSolutionNode = FALSE
	EndGlobalSection
	GlobalSection(ExtensibilityGlobals) = postSolution
		SolutionGuid = {33CC477C-340F-493B-B7C6-F99EDC54362B}
	EndGlobalSection
EndGlobal
