<Solution>
  <Configurations>
    <Platform Name="Any CPU" />
    <Platform Name="x64" />
    <Platform Name="x86" />
  </Configurations>
  <Project Path="SharePointToAzureSearch.Api/SharePointToAzureSearch.Api.csproj" />
  <Project Path="SharePointToAzureSearch.AgentHost/SharePointToAzureSearch.AgentHost.csproj" />
  <Project Path="SharePointToAzureSearch.Application/SharePointToAzureSearch.Application.csproj" />
  <Project Path="SharePointToAzureSearch.AspireAppHost/SharePointToAzureSearch.AspireAppHost.csproj" />
  <Project Path="SharePointToAzureSearch.Background/SharePointToAzureSearch.Background.csproj" />
  <Project Path="SharePointToAzureSearch.Domain/SharePointToAzureSearch.Domain.csproj" />
  <Project Path="SharePointToAzureSearch.Infrastructure/SharePointToAzureSearch.Infrastructure.csproj" />
  <Project Path="SharePointToAzureSearch.Persistence/SharePointToAzureSearch.Persistence.csproj" />
  <Project Path="SharePointToAzureSearch.Tests/SharePointToAzureSearch.Tests.csproj" />
</Solution>
